
Microsoft Visual Studio Solution File, Format Version 12.00
# Visual Studio 2012
Project("{8BC9CEB8-8B4A-11D0-8D11-00A0C91BC942}") = "Kinect2", "Kinect2\Kinect2.vcxproj", "{B135FD53-A55B-4A5D-A509-63682624AA5A}"
EndProject
Global
	GlobalSection(SolutionConfigurationPlatforms) = preSolution
		Debug|Win32 = Debug|Win32
		Release|Win32 = Release|Win32
	EndGlobalSection
	GlobalSection(ProjectConfigurationPlatforms) = postSolution
		{B135FD53-A55B-4A5D-A509-63682624AA5A}.Debug|Win32.ActiveCfg = Debug|Win32
		{B135FD53-A55B-4A5D-A509-63682624AA5A}.Debug|Win32.Build.0 = Debug|Win32
		{B135FD53-A55B-4A5D-A509-63682624AA5A}.Release|Win32.ActiveCfg = Release|Win32
		{B135FD53-A55B-4A5D-A509-63682624AA5A}.Release|Win32.Build.0 = Release|Win32
	EndGlobalSection
	GlobalSection(SolutionProperties) = preSolution
		HideSolutionNode = FALSE
	EndGlobalSection
EndGlobal
